Microsoft Visual Studio Solution File, Format Version 10.00
# Visual Studio 2008
Project("{8BC9CEB8-8B4A-11D0-8D11-00A0C91BC942}") = "configurator", "configurator.vcproj", "{3DB15C9A-6B0E-4E56-A6B2-92D7691AD749}"
EndProject
Global
	GlobalSection(SolutionConfigurationPlatforms) = preSolution
		Debug|Win32 = Debug|Win32
		Release|Win32 = Release|Win32
	EndGlobalSection
	GlobalSection(ProjectConfigurationPlatforms) = postSolution
		{3DB15C9A-6B0E-4E56-A6B2-92D7691AD749}.Debug|Win32.ActiveCfg = Debug|Win32
		{3DB15C9A-6B0E-4E56-A6B2-92D7691AD749}.Debug|Win32.Build.0 = Debug|Win32
		{3DB15C9A-6B0E-4E56-A6B2-92D7691AD749}.Release|Win32.ActiveCfg = Release|Win32
		{3DB15C9A-6B0E-4E56-A6B2-92D7691AD749}.Release|Win32.Build.0 = Release|Win32
	EndGlobalSection
	GlobalSection(SolutionProperties) = preSolution
		HideSolutionNode = FALSE
	EndGlobalSection
EndGlobal
