Microsoft Visual Studio Solution File, Format Version 9.00
# Visual Studio 2005
Project("{8BC9CEB8-8B4A-11D0-8D11-00A0C91BC942}") = "taucs_win32", "taucs_win32.vcproj", "{BF7D3D10-D19D-44EF-B230-486168201B61}"
	ProjectSection(WebsiteProperties) = preProject
		Debug.AspNetCompiler.Debug = "True"
		Release.AspNetCompiler.Debug = "False"
	EndProjectSection
EndProject
Project("{8BC9CEB8-8B4A-11D0-8D11-00A0C91BC942}") = "taucs_win32_atlas", "taucs_win32_atlas.vcproj", "{F6491F3D-3D35-4E6D-8557-79F8E8512B46}"
	ProjectSection(WebsiteProperties) = preProject
		Debug.AspNetCompiler.Debug = "True"
		Release.AspNetCompiler.Debug = "False"
	EndProjectSection
	ProjectSection(ProjectDependencies) = postProject
		{BF7D3D10-D19D-44EF-B230-486168201B61} = {BF7D3D10-D19D-44EF-B230-486168201B61}
	EndProjectSection
EndProject
Global
	GlobalSection(SolutionConfigurationPlatforms) = preSolution
		Debug|Win32 = Debug|Win32
		Release|Win32 = Release|Win32
	EndGlobalSection
	GlobalSection(ProjectConfigurationPlatforms) = postSolution
		{BF7D3D10-D19D-44EF-B230-486168201B61}.Debug|Win32.ActiveCfg = Debug|Win32
		{BF7D3D10-D19D-44EF-B230-486168201B61}.Debug|Win32.Build.0 = Debug|Win32
		{BF7D3D10-D19D-44EF-B230-486168201B61}.Release|Win32.ActiveCfg = Release|Win32
		{BF7D3D10-D19D-44EF-B230-486168201B61}.Release|Win32.Build.0 = Release|Win32
		{F6491F3D-3D35-4E6D-8557-79F8E8512B46}.Debug|Win32.ActiveCfg = Debug|Win32
		{F6491F3D-3D35-4E6D-8557-79F8E8512B46}.Debug|Win32.Build.0 = Debug|Win32
		{F6491F3D-3D35-4E6D-8557-79F8E8512B46}.Release|Win32.ActiveCfg = Release|Win32
		{F6491F3D-3D35-4E6D-8557-79F8E8512B46}.Release|Win32.Build.0 = Release|Win32
	EndGlobalSection
	GlobalSection(SolutionProperties) = preSolution
		HideSolutionNode = FALSE
	EndGlobalSection
EndGlobal
